schema: '2.0'
stages:
  data_ingestion:
    cmd: python src/data_ingestion.py
    deps:
    - path: src/data_ingestion.py
      hash: md5
      md5: bfb6b17b7ee23701947a63b343c16f4a
      size: 3568
    params:
      params.yaml:
        data_ingestion.test_size: 0.2
    outs:
    - path: data/raw
      hash: md5
      md5: 6a4d11ab83c20d7412f4696595c0b4d1.dir
      size: 479272
      nfiles: 2
  data_preprocessing:
    cmd: python src/data_preprocessing.py
    deps:
    - path: data/raw
      hash: md5
      md5: 6a4d11ab83c20d7412f4696595c0b4d1.dir
      size: 479272
      nfiles: 2
    - path: src/data_preprocessing.py
      hash: md5
      md5: 158130fa3ada2ed96ada460b539d42e9
      size: 3864
    outs:
    - path: data/interim
      hash: md5
      md5: d3f80ea917209a657caed01201ee2780.dir
      size: 254818
      nfiles: 2
  feature_engineering:
    cmd: python src/feature_engineering.py
    deps:
    - path: data/interim
      hash: md5
      md5: d3f80ea917209a657caed01201ee2780.dir
      size: 254818
      nfiles: 2
    - path: src/feature_engineering.py
      hash: md5
      md5: 803ec6e96a326da32e4f5ac8d40fcb1e
      size: 3798
    params:
      params.yaml:
        feature_engineering.max_features: 75
    outs:
    - path: data/processed
      hash: md5
      md5: 88a4a1e035880d030c86fa2ad4ee7bc6.dir
      size: 1740029
      nfiles: 2
  model_building:
    cmd: python src/model_building.py
    deps:
    - path: data/processed
      hash: md5
      md5: 88a4a1e035880d030c86fa2ad4ee7bc6.dir
      size: 1740029
      nfiles: 2
    - path: src/model_building.py
      hash: md5
      md5: 5ab1ddd86a4dac0a72eee50c2ff0934b
      size: 4416
    params:
      params.yaml:
        model_building.n_estimators: 50
        model_building.random_state: 2
    outs:
    - path: models/model.pkl
      hash: md5
      md5: e9fbf6a4554e4457f72983b6c2527d89
      size: 911599
  model_evaluation:
    cmd: python src/model_evaluation.py
    deps:
    - path: models/model.pkl
      hash: md5
      md5: e9fbf6a4554e4457f72983b6c2527d89
      size: 911599
    - path: src/model_evaluation.py
      hash: md5
      md5: 8465a215c1edc4456f35fd7fb54155a8
      size: 4469
    outs:
    - path: reports/metrics.json
      hash: md5
      md5: c34e0fd90df09382c2ee7e60190c78f9
      size: 140
