schema: '2.0'
stages:
  data_ingestion:
    cmd: python src/data_ingestion.py
    deps:
    - path: src/data_ingestion.py
      hash: md5
      md5: bfb6b17b7ee23701947a63b343c16f4a
      size: 3568
    params:
      params.yaml:
        data_ingestion.test_size: 0.3
    outs:
    - path: data/raw
      hash: md5
      md5: 6c14fc5d4581715d0c084959eeff4b01.dir
      size: 479272
      nfiles: 2
  data_preprocessing:
    cmd: python src/data_preprocessing.py
    deps:
    - path: data/raw
      hash: md5
      md5: 6c14fc5d4581715d0c084959eeff4b01.dir
      size: 479272
      nfiles: 2
    - path: src/data_preprocessing.py
      hash: md5
      md5: 158130fa3ada2ed96ada460b539d42e9
      size: 3864
    outs:
    - path: data/interim
      hash: md5
      md5: 91d80631b72bc88148c9f0c49789af70.dir
      size: 257220
      nfiles: 2
  feature_engineering:
    cmd: python src/feature_engineering.py
    deps:
    - path: data/interim
      hash: md5
      md5: 91d80631b72bc88148c9f0c49789af70.dir
      size: 257220
      nfiles: 2
    - path: src/feature_engineering.py
      hash: md5
      md5: 803ec6e96a326da32e4f5ac8d40fcb1e
      size: 3798
    params:
      params.yaml:
        feature_engineering.max_features: 75
    outs:
    - path: data/processed
      hash: md5
      md5: fdd6aa0d789a42ab622288ef6cd85dcd.dir
      size: 1752541
      nfiles: 2
  model_building:
    cmd: python src/model_building.py
    deps:
    - path: data/processed
      hash: md5
      md5: fdd6aa0d789a42ab622288ef6cd85dcd.dir
      size: 1752541
      nfiles: 2
    - path: src/model_building.py
      hash: md5
      md5: 5ab1ddd86a4dac0a72eee50c2ff0934b
      size: 4416
    params:
      params.yaml:
        model_building.n_estimators: 25
        model_building.random_state: 2
    outs:
    - path: models/model.pkl
      hash: md5
      md5: 2a4c49e21e4403e5f64b48635e09b533
      size: 409736
  model_evaluation:
    cmd: python src/model_evaluation.py
    deps:
    - path: models/model.pkl
      hash: md5
      md5: 2a4c49e21e4403e5f64b48635e09b533
      size: 409736
    - path: src/model_evaluation.py
      hash: md5
      md5: 8465a215c1edc4456f35fd7fb54155a8
      size: 4469
    outs:
    - path: reports/metrics.json
      hash: md5
      md5: 4f0a53b66195cd8a12cfeeb508a9d5e3
      size: 139
